
Microsoft Visual Studio Solution File, Format Version 12.00
# Visual Studio Version 17
VisualStudioVersion = 17.10.34928.147
MinimumVisualStudioVersion = 10.0.40219.1
Project("{FAE04EC0-301F-11D3-BF4B-00C04F79EFBC}") = "DemoAppWeb_Session", "DemoAppWeb_Session\DemoAppWeb_Session.csproj", "{6E3F1E9A-DE05-400E-BB6B-BC0DE4DC99F9}"
EndProject
Project("{FAE04EC0-301F-11D3-BF4B-00C04F79EFBC}") = "DemoAppWeb_Session.BLL", "DemoAppWeb_Session.BLL\DemoAppWeb_Session.BLL.csproj", "{34C484B4-316A-4543-AF0B-D47467DA3182}"
EndProject
Global
	GlobalSection(SolutionConfigurationPlatforms) = preSolution
		Debug|Any CPU = Debug|Any CPU
		Release|Any CPU = Release|Any CPU
	EndGlobalSection
	GlobalSection(ProjectConfigurationPlatforms) = postSolution
		{6E3F1E9A-DE05-400E-BB6B-BC0DE4DC99F9}.Debug|Any CPU.ActiveCfg = Debug|Any CPU
		{6E3F1E9A-DE05-400E-BB6B-BC0DE4DC99F9}.Debug|Any CPU.Build.0 = Debug|Any CPU
		{6E3F1E9A-DE05-400E-BB6B-BC0DE4DC99F9}.Release|Any CPU.ActiveCfg = Release|Any CPU
		{6E3F1E9A-DE05-400E-BB6B-BC0DE4DC99F9}.Release|Any CPU.Build.0 = Release|Any CPU
		{34C484B4-316A-4543-AF0B-D47467DA3182}.Debug|Any CPU.ActiveCfg = Debug|Any CPU
		{34C484B4-316A-4543-AF0B-D47467DA3182}.Debug|Any CPU.Build.0 = Debug|Any CPU
		{34C484B4-316A-4543-AF0B-D47467DA3182}.Release|Any CPU.ActiveCfg = Release|Any CPU
		{34C484B4-316A-4543-AF0B-D47467DA3182}.Release|Any CPU.Build.0 = Release|Any CPU
	EndGlobalSection
	GlobalSection(SolutionProperties) = preSolution
		HideSolutionNode = FALSE
	EndGlobalSection
	GlobalSection(ExtensibilityGlobals) = postSolution
		SolutionGuid = {7BCBCBE9-967B-4004-B9FF-48B160270198}
	EndGlobalSection
EndGlobal
